<?xml version="1.0" encoding="utf-8"?>
<Project ToolsVersion="4.0" xmlns="http://schemas.microsoft.com/developer/msbuild/2003">
  <ItemGroup>
    <ClCompile Include="main.cpp" />
    <ClCompile Include="Base\Base.cpp">
      <Filter>Base</Filter>
    </ClCompile>
    <ClCompile Include="UI\AnimData.cpp">
      <Filter>UI</Filter>
    </ClCompile>
    <ClCompile Include="UI\Title.cpp">
      <Filter>UI</Filter>
    </ClCompile>
    <ClCompile Include="Game\Game.cpp">
      <Filter>Game</Filter>
    </ClCompile>
    <ClCompile Include="UI\Save.cpp">
      <Filter>UI</Filter>
    </ClCompile>
    <ClCompile Include="Player\kamano.cpp">
      <Filter>Player</Filter>
    </ClCompile>
    <ClCompile Include="UI\Gameover.cpp">
      <Filter>UI</Filter>
    </ClCompile>
    <ClCompile Include="Enemy\Enemy.cpp">
      <Filter>Enemy</Filter>
    </ClCompile>
    <ClCompile Include="Game\Text.cpp">
      <Filter>Game</Filter>
    </ClCompile>
    <ClCompile Include="Enemy\EnemyManager.cpp">
      <Filter>Enemy</Filter>
    </ClCompile>
    <ClCompile Include="Maptip\AreaChange.cpp">
      <Filter>Maptip</Filter>
    </ClCompile>
    <ClCompile Include="Maptip\fmfmap.cpp">
      <Filter>Maptip</Filter>
    </ClCompile>
    <ClCompile Include="Maptip\Map.cpp">
      <Filter>Maptip</Filter>
    </ClCompile>
    <ClCompile Include="UI\Canvas.cpp">
      <Filter>UI</Filter>
    </ClCompile>
    <ClCompile Include="UI\Gauge.cpp">
      <Filter>UI</Filter>
    </ClCompile>
    <ClCompile Include="UI\Gameclear.cpp">
      <Filter>UI</Filter>
    </ClCompile>
    <ClCompile Include="Maptip\Fuda.cpp">
      <Filter>Maptip</Filter>
    </ClCompile>
    <ClCompile Include="UI\Myutility.cpp">
      <Filter>UI</Filter>
    </ClCompile>
    <ClCompile Include="Maptip\aya.cpp">
      <Filter>Maptip</Filter>
    </ClCompile>
    <ClCompile Include="Maptip\K.cpp">
      <Filter>Maptip</Filter>
    </ClCompile>
    <ClCompile Include="UI\FudaUI.cpp">
      <Filter>UI</Filter>
    </ClCompile>
  </ItemGroup>
  <ItemGroup>
    <Filter Include="Base">
      <UniqueIdentifier>{ae4be2e5-5f6a-46b6-8412-ca20be1f531b}</UniqueIdentifier>
    </Filter>
    <Filter Include="Enemy">
      <UniqueIdentifier>{2479d6df-538f-41f5-98df-3684831c3f42}</UniqueIdentifier>
    </Filter>
    <Filter Include="Player">
      <UniqueIdentifier>{5eac53dd-a40f-4916-8b94-d273b4e87342}</UniqueIdentifier>
    </Filter>
    <Filter Include="UI">
      <UniqueIdentifier>{7b7cfd77-3bf4-49ea-9eff-b85041b9a59b}</UniqueIdentifier>
    </Filter>
    <Filter Include="Game">
      <UniqueIdentifier>{3634d9e1-4eaf-4ce4-84a1-5f4805877f2b}</UniqueIdentifier>
    </Filter>
    <Filter Include="Maptip">
      <UniqueIdentifier>{acaa9ed3-8329-4c80-b5c5-af5b44a787bf}</UniqueIdentifier>
    </Filter>
  </ItemGroup>
  <ItemGroup>
    <ClInclude Include="Base\Base.h">
      <Filter>Base</Filter>
    </ClInclude>
    <ClInclude Include="UI\AnimData.h">
      <Filter>UI</Filter>
    </ClInclude>
    <ClInclude Include="UI\Title.h">
      <Filter>UI</Filter>
    </ClInclude>
    <ClInclude Include="Game\Game.h">
      <Filter>Game</Filter>
    </ClInclude>
    <ClInclude Include="UI\Save.h">
      <Filter>UI</Filter>
    </ClInclude>
    <ClInclude Include="Player\kamano.h">
      <Filter>Player</Filter>
    </ClInclude>
    <ClInclude Include="UI\Gameover.h">
      <Filter>UI</Filter>
    </ClInclude>
    <ClInclude Include="h.h" />
    <ClInclude Include="Enemy\Enemy.h">
      <Filter>Enemy</Filter>
    </ClInclude>
    <ClInclude Include="Game\Text.h">
      <Filter>Game</Filter>
    </ClInclude>
    <ClInclude Include="Maptip\AreaChange.h">
      <Filter>Maptip</Filter>
    </ClInclude>
    <ClInclude Include="Maptip\fmfmap.h">
      <Filter>Maptip</Filter>
    </ClInclude>
    <ClInclude Include="UI\Canvas.h">
      <Filter>UI</Filter>
    </ClInclude>
    <ClInclude Include="UI\Gauge.h">
      <Filter>UI</Filter>
    </ClInclude>
    <ClInclude Include="UI\Gameclear.h">
      <Filter>UI</Filter>
    </ClInclude>
    <ClInclude Include="Enemy\EnemyManager.h">
      <Filter>Enemy</Filter>
    </ClInclude>
    <ClInclude Include="Maptip\Fuda.h">
      <Filter>Maptip</Filter>
    </ClInclude>
    <ClInclude Include="UI\MyUtility.h">
      <Filter>UI</Filter>
    </ClInclude>
    <ClInclude Include="Maptip\aya.h">
      <Filter>Maptip</Filter>
    </ClInclude>
    <ClInclude Include="Maptip\Map.h">
      <Filter>Maptip</Filter>
    </ClInclude>
    <ClInclude Include="Maptip\K.h">
      <Filter>Maptip</Filter>
    </ClInclude>
    <ClInclude Include="UI\FudaUI.h">
      <Filter>UI</Filter>
    </ClInclude>
  </ItemGroup>
  <ItemGroup>
    <Image Include="アイコン.ico" />
    <Image Include="icon.ico" />
  </ItemGroup>
</Project>